// !$*UTF8*$!
{
	archiveVersion = 1;
	classes = {
	};
	objectVersion = 46;
	objects = {

/* Begin PBXBuildFile section */
		B3B3164619BEF37E00DF414B /* Foundation.framework in Frameworks */ = {isa = PBXBuildFile; fileRef = B3B3164519BEF37E00DF414B /* Foundation.framework */; };
		B3B3164819BEF37E00DF414B /* CoreGraphics.framework in Frameworks */ = {isa = PBXBuildFile; fileRef = B3B3164719BEF37E00DF414B /* CoreGraphics.framework */; };
		B3B3164A19BEF37E00DF414B /* UIKit.framework in Frameworks */ = {isa = PBXBuildFile; fileRef = B3B3164919BEF37E00DF414B /* UIKit.framework */; };
		B3B3165019BEF37E00DF414B /* InfoPlist.strings in Resources */ = {isa = PBXBuildFile; fileRef = B3B3164E19BEF37E00DF414B /* InfoPlist.strings */; };
		B3B3165219BEF37E00DF414B /* main.m in Sources */ = {isa = PBXBuildFile; fileRef = B3B3165119BEF37E00DF414B /* main.m */; };
		B3B3165619BEF37E00DF414B /* CLPAppDelegate.m in Sources */ = {isa = PBXBuildFile; fileRef = B3B3165519BEF37E00DF414B /* CLPAppDelegate.m */; };
		B3B3165919BEF37E00DF414B /* Main.storyboard in Resources */ = {isa = PBXBuildFile; fileRef = B3B3165719BEF37E00DF414B /* Main.storyboard */; };
		B3B3165C19BEF37E00DF414B /* CLPViewController.m in Sources */ = {isa = PBXBuildFile; fileRef = B3B3165B19BEF37E00DF414B /* CLPViewController.m */; };
		B3B3165E19BEF37E00DF414B /* Images.xcassets in Resources */ = {isa = PBXBuildFile; fileRef = B3B3165D19BEF37E00DF414B /* Images.xcassets */; };
		B3B3166519BEF37E00DF414B /* XCTest.framework in Frameworks */ = {isa = PBXBuildFile; fileRef = B3B3166419BEF37E00DF414B /* XCTest.framework */; };
		B3B3166619BEF37E00DF414B /* Foundation.framework in Frameworks */ = {isa = PBXBuildFile; fileRef = B3B3164519BEF37E00DF414B /* Foundation.framework */; };
		B3B3166719BEF37E00DF414B /* UIKit.framework in Frameworks */ = {isa = PBXBuildFile; fileRef = B3B3164919BEF37E00DF414B /* UIKit.framework */; };
		B3B3166F19BEF37E00DF414B /* InfoPlist.strings in Resources */ = {isa = PBXBuildFile; fileRef = B3B3166D19BEF37E00DF414B /* InfoPlist.strings */; };
		B3B3167119BEF37E00DF414B /* ColparterLoadingExampleTests.m in Sources */ = {isa = PBXBuildFile; fileRef = B3B3167019BEF37E00DF414B /* ColparterLoadingExampleTests.m */; };
		B3B3167D19BEF3A200DF414B /* UIView+CLPLoading.m in Sources */ = {isa = PBXBuildFile; fileRef = B3B3167C19BEF3A200DF414B /* UIView+CLPLoading.m */; };
/* End PBXBuildFile section */

/* Begin PBXContainerItemProxy section */
		B3B3166819BEF37E00DF414B /* PBXContainerItemProxy */ = {
			isa = PBXContainerItemProxy;
			containerPortal = B3B3163A19BEF37E00DF414B /* Project object */;
			proxyType = 1;
			remoteGlobalIDString = B3B3164119BEF37E00DF414B;
			remoteInfo = ColparterLoadingExample;
		};
/* End PBXContainerItemProxy section */

/* Begin PBXFileReference section */
		B3B3164219BEF37E00DF414B /* ColparterLoadingExample.app */ = {isa = PBXFileReference; explicitFileType = wrapper.application; includeInIndex = 0; path = ColparterLoadingExample.app; sourceTree = BUILT_PRODUCTS_DIR; };
		B3B3164519BEF37E00DF414B /* Foundation.framework */ = {isa = PBXFileReference; lastKnownFileType = wrapper.framework; name = Foundation.framework; path = System/Library/Frameworks/Foundation.framework; sourceTree = SDKROOT; };
		B3B3164719BEF37E00DF414B /* CoreGraphics.framework */ = {isa = PBXFileReference; lastKnownFileType = wrapper.framework; name = CoreGraphics.framework; path = System/Library/Frameworks/CoreGraphics.framework; sourceTree = SDKROOT; };
		B3B3164919BEF37E00DF414B /* UIKit.framework */ = {isa = PBXFileReference; lastKnownFileType = wrapper.framework; name = UIKit.framework; path = System/Library/Frameworks/UIKit.framework; sourceTree = SDKROOT; };
		B3B3164D19BEF37E00DF414B /* ColparterLoadingExample-Info.plist */ = {isa = PBXFileReference; lastKnownFileType = text.plist.xml; path = "ColparterLoadingExample-Info.plist"; sourceTree = "<group>"; };
		B3B3164F19BEF37E00DF414B /* en */ = {isa = PBXFileReference; lastKnownFileType = text.plist.strings; name = en; path = en.lproj/InfoPlist.strings; sourceTree = "<group>"; };
		B3B3165119BEF37E00DF414B /* main.m */ = {isa = PBXFileReference; lastKnownFileType = sourcecode.c.objc; path = main.m; sourceTree = "<group>"; };
		B3B3165319BEF37E00DF414B /* ColparterLoadingExample-Prefix.pch */ = {isa = PBXFileReference; lastKnownFileType = sourcecode.c.h; path = "ColparterLoadingExample-Prefix.pch"; sourceTree = "<group>"; };
		B3B3165419BEF37E00DF414B /* CLPAppDelegate.h */ = {isa = PBXFileReference; lastKnownFileType = sourcecode.c.h; path = CLPAppDelegate.h; sourceTree = "<group>"; };
		B3B3165519BEF37E00DF414B /* CLPAppDelegate.m */ = {isa = PBXFileReference; lastKnownFileType = sourcecode.c.objc; path = CLPAppDelegate.m; sourceTree = "<group>"; };
		B3B3165819BEF37E00DF414B /* Base */ = {isa = PBXFileReference; lastKnownFileType = file.storyboard; name = Base; path = Base.lproj/Main.storyboard; sourceTree = "<group>"; };
		B3B3165A19BEF37E00DF414B /* CLPViewController.h */ = {isa = PBXFileReference; lastKnownFileType = sourcecode.c.h; path = CLPViewController.h; sourceTree = "<group>"; };
		B3B3165B19BEF37E00DF414B /* CLPViewController.m */ = {isa = PBXFileReference; lastKnownFileType = sourcecode.c.objc; path = CLPViewController.m; sourceTree = "<group>"; };
		B3B3165D19BEF37E00DF414B /* Images.xcassets */ = {isa = PBXFileReference; lastKnownFileType = folder.assetcatalog; path = Images.xcassets; sourceTree = "<group>"; };
		B3B3166319BEF37E00DF414B /* ColparterLoadingExampleTests.xctest */ = {isa = PBXFileReference; explicitFileType = wrapper.cfbundle; includeInIndex = 0; path = ColparterLoadingExampleTests.xctest; sourceTree = BUILT_PRODUCTS_DIR; };
		B3B3166419BEF37E00DF414B /* XCTest.framework */ = {isa = PBXFileReference; lastKnownFileType = wrapper.framework; name = XCTest.framework; path = Library/Frameworks/XCTest.framework; sourceTree = DEVELOPER_DIR; };
		B3B3166C19BEF37E00DF414B /* ColparterLoadingExampleTests-Info.plist */ = {isa = PBXFileReference; lastKnownFileType = text.plist.xml; path = "ColparterLoadingExampleTests-Info.plist"; sourceTree = "<group>"; };
		B3B3166E19BEF37E00DF414B /* en */ = {isa = PBXFileReference; lastKnownFileType = text.plist.strings; name = en; path = en.lproj/InfoPlist.strings; sourceTree = "<group>"; };
		B3B3167019BEF37E00DF414B /* ColparterLoadingExampleTests.m */ = {isa = PBXFileReference; lastKnownFileType = sourcecode.c.objc; path = ColparterLoadingExampleTests.m; sourceTree = "<group>"; };
		B3B3167B19BEF3A200DF414B /* UIView+CLPLoading.h */ = {isa = PBXFileReference; fileEncoding = 4; lastKnownFileType = sourcecode.c.h; path = "UIView+CLPLoading.h"; sourceTree = "<group>"; };
		B3B3167C19BEF3A200DF414B /* UIView+CLPLoading.m */ = {isa = PBXFileReference; fileEncoding = 4; lastKnownFileType = sourcecode.c.objc; path = "UIView+CLPLoading.m"; sourceTree = "<group>"; };
/* End PBXFileReference section */

/* Begin PBXFrameworksBuildPhase section */
		B3B3163F19BEF37E00DF414B /* Frameworks */ = {
			isa = PBXFrameworksBuildPhase;
			buildActionMask = 2147483647;
			files = (
				B3B3164819BEF37E00DF414B /* CoreGraphics.framework in Frameworks */,
				B3B3164A19BEF37E00DF414B /* UIKit.framework in Frameworks */,
				B3B3164619BEF37E00DF414B /* Foundation.framework in Frameworks */,
			);
			runOnlyForDeploymentPostprocessing = 0;
		};
		B3B3166019BEF37E00DF414B /* Frameworks */ = {
			isa = PBXFrameworksBuildPhase;
			buildActionMask = 2147483647;
			files = (
				B3B3166519BEF37E00DF414B /* XCTest.framework in Frameworks */,
				B3B3166719BEF37E00DF414B /* UIKit.framework in Frameworks */,
				B3B3166619BEF37E00DF414B /* Foundation.framework in Frameworks */,
			);
			runOnlyForDeploymentPostprocessing = 0;
		};
/* End PBXFrameworksBuildPhase section */

/* Begin PBXGroup section */
		B3B3163919BEF37E00DF414B = {
			isa = PBXGroup;
			children = (
				B3B3164B19BEF37E00DF414B /* ColparterLoadingExample */,
				B3B3166A19BEF37E00DF414B /* ColparterLoadingExampleTests */,
				B3B3164419BEF37E00DF414B /* Frameworks */,
				B3B3164319BEF37E00DF414B /* Products */,
			);
			sourceTree = "<group>";
		};
		B3B3164319BEF37E00DF414B /* Products */ = {
			isa = PBXGroup;
			children = (
				B3B3164219BEF37E00DF414B /* ColparterLoadingExample.app */,
				B3B3166319BEF37E00DF414B /* ColparterLoadingExampleTests.xctest */,
			);
			name = Products;
			sourceTree = "<group>";
		};
		B3B3164419BEF37E00DF414B /* Frameworks */ = {
			isa = PBXGroup;
			children = (
				B3B3164519BEF37E00DF414B /* Foundation.framework */,
				B3B3164719BEF37E00DF414B /* CoreGraphics.framework */,
				B3B3164919BEF37E00DF414B /* UIKit.framework */,
				B3B3166419BEF37E00DF414B /* XCTest.framework */,
			);
			name = Frameworks;
			sourceTree = "<group>";
		};
		B3B3164B19BEF37E00DF414B /* ColparterLoadingExample */ = {
			isa = PBXGroup;
			children = (
				B3B3167A19BEF38B00DF414B /* Classes */,
				B3B3165419BEF37E00DF414B /* CLPAppDelegate.h */,
				B3B3165519BEF37E00DF414B /* CLPAppDelegate.m */,
				B3B3165719BEF37E00DF414B /* Main.storyboard */,
				B3B3165A19BEF37E00DF414B /* CLPViewController.h */,
				B3B3165B19BEF37E00DF414B /* CLPViewController.m */,
				B3B3165D19BEF37E00DF414B /* Images.xcassets */,
				B3B3164C19BEF37E00DF414B /* Supporting Files */,
			);
			path = ColparterLoadingExample;
			sourceTree = "<group>";
		};
		B3B3164C19BEF37E00DF414B /* Supporting Files */ = {
			isa = PBXGroup;
			children = (
				B3B3164D19BEF37E00DF414B /* ColparterLoadingExample-Info.plist */,
				B3B3164E19BEF37E00DF414B /* InfoPlist.strings */,
				B3B3165119BEF37E00DF414B /* main.m */,
				B3B3165319BEF37E00DF414B /* ColparterLoadingExample-Prefix.pch */,
			);
			name = "Supporting Files";
			sourceTree = "<group>";
		};
		B3B3166A19BEF37E00DF414B /* ColparterLoadingExampleTests */ = {
			isa = PBXGroup;
			children = (
				B3B3167019BEF37E00DF414B /* ColparterLoadingExampleTests.m */,
				B3B3166B19BEF37E00DF414B /* Supporting Files */,
			);
			path = ColparterLoadingExampleTests;
			sourceTree = "<group>";
		};
		B3B3166B19BEF37E00DF414B /* Supporting Files */ = {
			isa = PBXGroup;
			children = (
				B3B3166C19BEF37E00DF414B /* ColparterLoadingExampleTests-Info.plist */,
				B3B3166D19BEF37E00DF414B /* InfoPlist.strings */,
			);
			name = "Supporting Files";
			sourceTree = "<group>";
		};
		B3B3167A19BEF38B00DF414B /* Classes */ = {
			isa = PBXGroup;
			children = (
				B3B3167B19BEF3A200DF414B /* UIView+CLPLoading.h */,
				B3B3167C19BEF3A200DF414B /* UIView+CLPLoading.m */,
			);
			name = Classes;
			path = ../../Classes;
			sourceTree = "<group>";
		};
/* End PBXGroup section */

/* Begin PBXNativeTarget section */
		B3B3164119BEF37E00DF414B /* ColparterLoadingExample */ = {
			isa = PBXNativeTarget;
			buildConfigurationList = B3B3167419BEF37E00DF414B /* Build configuration list for PBXNativeTarget "ColparterLoadingExample" */;
			buildPhases = (
				B3B3163E19BEF37E00DF414B /* Sources */,
				B3B3163F19BEF37E00DF414B /* Frameworks */,
				B3B3164019BEF37E00DF414B /* Resources */,
			);
			buildRules = (
			);
			dependencies = (
			);
			name = ColparterLoadingExample;
			productName = ColparterLoadingExample;
			productReference = B3B3164219BEF37E00DF414B /* ColparterLoadingExample.app */;
			productType = "com.apple.product-type.application";
		};
		B3B3166219BEF37E00DF414B /* ColparterLoadingExampleTests */ = {
			isa = PBXNativeTarget;
			buildConfigurationList = B3B3167719BEF37E00DF414B /* Build configuration list for PBXNativeTarget "ColparterLoadingExampleTests" */;
			buildPhases = (
				B3B3165F19BEF37E00DF414B /* Sources */,
				B3B3166019BEF37E00DF414B /* Frameworks */,
				B3B3166119BEF37E00DF414B /* Resources */,
			);
			buildRules = (
			);
			dependencies = (
				B3B3166919BEF37E00DF414B /* PBXTargetDependency */,
			);
			name = ColparterLoadingExampleTests;
			productName = ColparterLoadingExampleTests;
			productReference = B3B3166319BEF37E00DF414B /* ColparterLoadingExampleTests.xctest */;
			productType = "com.apple.product-type.bundle.unit-test";
		};
/* End PBXNativeTarget section */

/* Begin PBXProject section */
		B3B3163A19BEF37E00DF414B /* Project object */ = {
			isa = PBXProject;
			attributes = {
				CLASSPREFIX = CLP;
				LastUpgradeCheck = 0510;
				ORGANIZATIONNAME = alekoleg;
				TargetAttributes = {
					B3B3166219BEF37E00DF414B = {
						TestTargetID = B3B3164119BEF37E00DF414B;
					};
				};
			};
			buildConfigurationList = B3B3163D19BEF37E00DF414B /* Build configuration list for PBXProject "ColparterLoadingExample" */;
			compatibilityVersion = "Xcode 3.2";
			developmentRegion = English;
			hasScannedForEncodings = 0;
			knownRegions = (
				en,
				Base,
			);
			mainGroup = B3B3163919BEF37E00DF414B;
			productRefGroup = B3B3164319BEF37E00DF414B /* Products */;
			projectDirPath = "";
			projectRoot = "";
			targets = (
				B3B3164119BEF37E00DF414B /* ColparterLoadingExample */,
				B3B3166219BEF37E00DF414B /* ColparterLoadingExampleTests */,
			);
		};
/* End PBXProject section */

/* Begin PBXResourcesBuildPhase section */
		B3B3164019BEF37E00DF414B /* Resources */ = {
			isa = PBXResourcesBuildPhase;
			buildActionMask = 2147483647;
			files = (
				B3B3165E19BEF37E00DF414B /* Images.xcassets in Resources */,
				B3B3165019BEF37E00DF414B /* InfoPlist.strings in Resources */,
				B3B3165919BEF37E00DF414B /* Main.storyboard in Resources */,
			);
			runOnlyForDeploymentPostprocessing = 0;
		};
		B3B3166119BEF37E00DF414B /* Resources */ = {
			isa = PBXResourcesBuildPhase;
			buildActionMask = 2147483647;
			files = (
				B3B3166F19BEF37E00DF414B /* InfoPlist.strings in Resources */,
			);
			runOnlyForDeploymentPostprocessing = 0;
		};
/* End PBXResourcesBuildPhase section */

/* Begin PBXSourcesBuildPhase section */
		B3B3163E19BEF37E00DF414B /* Sources */ = {
			isa = PBXSourcesBuildPhase;
			buildActionMask = 2147483647;
			files = (
				B3B3165619BEF37E00DF414B /* CLPAppDelegate.m in Sources */,
				B3B3165219BEF37E00DF414B /* main.m in Sources */,
				B3B3165C19BEF37E00DF414B /* CLPViewController.m in Sources */,
				B3B3167D19BEF3A200DF414B /* UIView+CLPLoading.m in Sources */,
			);
			runOnlyForDeploymentPostprocessing = 0;
		};
		B3B3165F19BEF37E00DF414B /* Sources */ = {
			isa = PBXSourcesBuildPhase;
			buildActionMask = 2147483647;
			files = (
				B3B3167119BEF37E00DF414B /* ColparterLoadingExampleTests.m in Sources */,
			);
			runOnlyForDeploymentPostprocessing = 0;
		};
/* End PBXSourcesBuildPhase section */

/* Begin PBXTargetDependency section */
		B3B3166919BEF37E00DF414B /* PBXTargetDependency */ = {
			isa = PBXTargetDependency;
			target = B3B3164119BEF37E00DF414B /* ColparterLoadingExample */;
			targetProxy = B3B3166819BEF37E00DF414B /* PBXContainerItemProxy */;
		};
/* End PBXTargetDependency section */

/* Begin PBXVariantGroup section */
		B3B3164E19BEF37E00DF414B /* InfoPlist.strings */ = {
			isa = PBXVariantGroup;
			children = (
				B3B3164F19BEF37E00DF414B /* en */,
			);
			name = InfoPlist.strings;
			sourceTree = "<group>";
		};
		B3B3165719BEF37E00DF414B /* Main.storyboard */ = {
			isa = PBXVariantGroup;
			children = (
				B3B3165819BEF37E00DF414B /* Base */,
			);
			name = Main.storyboard;
			sourceTree = "<group>";
		};
		B3B3166D19BEF37E00DF414B /* InfoPlist.strings */ = {
			isa = PBXVariantGroup;
			children = (
				B3B3166E19BEF37E00DF414B /* en */,
			);
			name = InfoPlist.strings;
			sourceTree = "<group>";
		};
/* End PBXVariantGroup section */

/* Begin XCBuildConfiguration section */
		B3B3167219BEF37E00DF414B /* Debug */ = {
			isa = XCBuildConfiguration;
			buildSettings = {
				ALWAYS_SEARCH_USER_PATHS = NO;
				CLANG_CXX_LANGUAGE_STANDARD = "gnu++0x";
				CLANG_CXX_LIBRARY = "libc++";
				CLANG_ENABLE_MODULES = YES;
				CLANG_ENABLE_OBJC_ARC = YES;
				CLANG_WARN_BOOL_CONVERSION = YES;
				CLANG_WARN_CONSTANT_CONVERSION = YES;
				CLANG_WARN_DIRECT_OBJC_ISA_USAGE = YES_ERROR;
				CLANG_WARN_EMPTY_BODY = YES;
				CLANG_WARN_ENUM_CONVERSION = YES;
				CLANG_WARN_INT_CONVERSION = YES;
				CLANG_WARN_OBJC_ROOT_CLASS = YES_ERROR;
				CLANG_WARN__DUPLICATE_METHOD_MATCH = YES;
				"CODE_SIGN_IDENTITY[sdk=iphoneos*]" = "iPhone Developer";
				COPY_PHASE_STRIP = NO;
				GCC_C_LANGUAGE_STANDARD = gnu99;
				GCC_DYNAMIC_NO_PIC = NO;
				GCC_OPTIMIZATION_LEVEL = 0;
				GCC_PREPROCESSOR_DEFINITIONS = (
					"DEBUG=1",
					"$(inherited)",
				);
				GCC_SYMBOLS_PRIVATE_EXTERN = NO;
				GCC_WARN_64_TO_32_BIT_CONVERSION = YES;
				GCC_WARN_ABOUT_RETURN_TYPE = YES_ERROR;
				GCC_WARN_UNDECLARED_SELECTOR = YES;
				GCC_WARN_UNINITIALIZED_AUTOS = YES_AGGRESSIVE;
				GCC_WARN_UNUSED_FUNCTION = YES;
				GCC_WARN_UNUSED_VARIABLE = YES;
				IPHONEOS_DEPLOYMENT_TARGET = 7.1;
				ONLY_ACTIVE_ARCH = YES;
				SDKROOT = iphoneos;
			};
			name = Debug;
		};
		B3B3167319BEF37E00DF414B /* Release */ = {
			isa = XCBuildConfiguration;
			buildSettings = {
				ALWAYS_SEARCH_USER_PATHS = NO;
				CLANG_CXX_LANGUAGE_STANDARD = "gnu++0x";
				CLANG_CXX_LIBRARY = "libc++";
				CLANG_ENABLE_MODULES = YES;
				CLANG_ENABLE_OBJC_ARC = YES;
				CLANG_WARN_BOOL_CONVERSION = YES;
				CLANG_WARN_CONSTANT_CONVERSION = YES;
				CLANG_WARN_DIRECT_OBJC_ISA_USAGE = YES_ERROR;
				CLANG_WARN_EMPTY_BODY = YES;
				CLANG_WARN_ENUM_CONVERSION = YES;
				CLANG_WARN_INT_CONVERSION = YES;
				CLANG_WARN_OBJC_ROOT_CLASS = YES_ERROR;
				CLANG_WARN__DUPLICATE_METHOD_MATCH = YES;
				"CODE_SIGN_IDENTITY[sdk=iphoneos*]" = "iPhone Developer";
				COPY_PHASE_STRIP = YES;
				ENABLE_NS_ASSERTIONS = NO;
				GCC_C_LANGUAGE_STANDARD = gnu99;
				GCC_WARN_64_TO_32_BIT_CONVERSION = YES;
				GCC_WARN_ABOUT_RETURN_TYPE = YES_ERROR;
				GCC_WARN_UNDECLARED_SELECTOR = YES;
				GCC_WARN_UNINITIALIZED_AUTOS = YES_AGGRESSIVE;
				GCC_WARN_UNUSED_FUNCTION = YES;
				GCC_WARN_UNUSED_VARIABLE = YES;
				IPHONEOS_DEPLOYMENT_TARGET = 7.1;
				SDKROOT = iphoneos;
				VALIDATE_PRODUCT = YES;
			};
			name = Release;
		};
		B3B3167519BEF37E00DF414B /* Debug */ = {
			isa = XCBuildConfiguration;
			buildSettings = {
				ASSETCATALOG_COMPILER_APPICON_NAME = AppIcon;
				ASSETCATALOG_COMPILER_LAUNCHIMAGE_NAME = LaunchImage;
				GCC_PRECOMPILE_PREFIX_HEADER = YES;
				GCC_PREFIX_HEADER = "ColparterLoadingExample/ColparterLoadingExample-Prefix.pch";
				INFOPLIST_FILE = "ColparterLoadingExample/ColparterLoadingExample-Info.plist";
				PRODUCT_NAME = "$(TARGET_NAME)";
				WRAPPER_EXTENSION = app;
			};
			name = Debug;
		};
		B3B3167619BEF37E00DF414B /* Release */ = {
			isa = XCBuildConfiguration;
			buildSettings = {
				ASSETCATALOG_COMPILER_APPICON_NAME = AppIcon;
				ASSETCATALOG_COMPILER_LAUNCHIMAGE_NAME = LaunchImage;
				GCC_PRECOMPILE_PREFIX_HEADER = YES;
				GCC_PREFIX_HEADER = "ColparterLoadingExample/ColparterLoadingExample-Prefix.pch";
				INFOPLIST_FILE = "ColparterLoadingExample/ColparterLoadingExample-Info.plist";
				PRODUCT_NAME = "$(TARGET_NAME)";
				WRAPPER_EXTENSION = app;
			};
			name = Release;
		};
		B3B3167819BEF37E00DF414B /* Debug */ = {
			isa = XCBuildConfiguration;
			buildSettings = {
				BUNDLE_LOADER = "$(BUILT_PRODUCTS_DIR)/ColparterLoadingExample.app/ColparterLoadingExample";
				FRAMEWORK_SEARCH_PATHS = (
					"$(SDKROOT)/Developer/Library/Frameworks",
					"$(inherited)",
					"$(DEVELOPER_FRAMEWORKS_DIR)",
				);
				GCC_PRECOMPILE_PREFIX_HEADER = YES;
				GCC_PREFIX_HEADER = "ColparterLoadingExample/ColparterLoadingExample-Prefix.pch";
				GCC_PREPROCESSOR_DEFINITIONS = (
					"DEBUG=1",
					"$(inherited)",
				);
				INFOPLIST_FILE = "ColparterLoadingExampleTests/ColparterLoadingExampleTests-Info.plist";
				PRODUCT_NAME = "$(TARGET_NAME)";
				TEST_HOST = "$(BUNDLE_LOADER)";
				WRAPPER_EXTENSION = xctest;
			};
			name = Debug;
		};
		B3B3167919BEF37E00DF414B /* Release */ = {
			isa = XCBuildConfiguration;
			buildSettings = {
				BUNDLE_LOADER = "$(BUILT_PRODUCTS_DIR)/ColparterLoadingExample.app/ColparterLoadingExample";
				FRAMEWORK_SEARCH_PATHS = (
					"$(SDKROOT)/Developer/Library/Frameworks",
					"$(inherited)",
					"$(DEVELOPER_FRAMEWORKS_DIR)",
				);
				GCC_PRECOMPILE_PREFIX_HEADER = YES;
				GCC_PREFIX_HEADER = "ColparterLoadingExample/ColparterLoadingExample-Prefix.pch";
				INFOPLIST_FILE = "ColparterLoadingExampleTests/ColparterLoadingExampleTests-Info.plist";
				PRODUCT_NAME = "$(TARGET_NAME)";
				TEST_HOST = "$(BUNDLE_LOADER)";
				WRAPPER_EXTENSION = xctest;
			};
			name = Release;
		};
/* End XCBuildConfiguration section */

/* Begin XCConfigurationList section */
		B3B3163D19BEF37E00DF414B /* Build configuration list for PBXProject "ColparterLoadingExample" */ = {
			isa = XCConfigurationList;
			buildConfigurations = (
				B3B3167219BEF37E00DF414B /* Debug */,
				B3B3167319BEF37E00DF414B /* Release */,
			);
			defaultConfigurationIsVisible = 0;
			defaultConfigurationName = Release;
		};
		B3B3167419BEF37E00DF414B /* Build configuration list for PBXNativeTarget "ColparterLoadingExample" */ = {
			isa = XCConfigurationList;
			buildConfigurations = (
				B3B3167519BEF37E00DF414B /* Debug */,
				B3B3167619BEF37E00DF414B /* Release */,
			);
			defaultConfigurationIsVisible = 0;
		};
		B3B3167719BEF37E00DF414B /* Build configuration list for PBXNativeTarget "ColparterLoadingExampleTests" */ = {
			isa = XCConfigurationList;
			buildConfigurations = (
				B3B3167819BEF37E00DF414B /* Debug */,
				B3B3167919BEF37E00DF414B /* Release */,
			);
			defaultConfigurationIsVisible = 0;
		};
/* End XCConfigurationList section */
	};
	rootObject = B3B3163A19BEF37E00DF414B /* Project object */;
}
